github.com/google/uuid v1.6.0 h1:NIvaJDMOsjHA8n1jAhLSgzrAzy1Hgr+hNrb57e+94F0=
github.com/google/uuid v1.6.0/go.mod h1:TIyPZe4MgqvfeYDBFedMoGGpEw/LqOeaOT+nhxU+yHo=
github.com/outrigdev/goid v0.3.0 h1:t/otQD3EXc45cLtQVPUnNgEyRaTQA4cPeu3qVcrsIws=
github.com/outrigdev/goid v0.3.0/go.mod h1:hEH7f27ypN/GHWt/7gvkRoFYR0LZizfUBIAbak4neVE=
