github.com/google/uuid v1.6.0 h1:NIvaJDMOsjHA8n1jAhLSgzrAzy1Hgr+hNrb57e+94F0=
github.com/google/uuid v1.6.0/go.mod h1:TIyPZe4MgqvfeYDBFedMoGGpEw/LqOeaOT+nhxU+yHo=
github.com/wavetermdev/htmltoken v0.2.0 h1:sFVPPemlDv7/jg7n4Hx1AEF2m9MVAFjFpELWfhi/DlM=
github.com/wavetermdev/htmltoken v0.2.0/go.mod h1:5FM0XV6zNYiNza2iaTcFGj+hnMtgqumFHO31Z8euquk=
golang.org/x/net v0.27.0 h1:5K3Njcw06/l2y9vpGCSdcxWOYHOUk3dVNGDXN+FvAys=
golang.org/x/net v0.27.0/go.mod h1:dDi0PyhWNoiUOrAS8uXv/vnScO4wnHQO4mj9fn/RytE=
